
Microsoft Visual Studio Solution File, Format Version 12.00
# Visual Studio 15
VisualStudioVersion = 15.0.27130.2010
MinimumVisualStudioVersion = 10.0.40219.1
Project("{FAE04EC0-301F-11D3-BF4B-00C04F79EFBC}") = "AoC2017", "AoC2017\AoC2017.csproj", "{9EDD96E1-A88E-4219-BAF1-7B0DDE69DBCF}"
EndProject
Global
	GlobalSection(SolutionConfigurationPlatforms) = preSolution
		Debug|Any CPU = Debug|Any CPU
		Release|Any CPU = Release|Any CPU
	EndGlobalSection
	GlobalSection(ProjectConfigurationPlatforms) = postSolution
		{9EDD96E1-A88E-4219-BAF1-7B0DDE69DBCF}.Debug|Any CPU.ActiveCfg = Debug|Any CPU
		{9EDD96E1-A88E-4219-BAF1-7B0DDE69DBCF}.Debug|Any CPU.Build.0 = Debug|Any CPU
		{9EDD96E1-A88E-4219-BAF1-7B0DDE69DBCF}.Release|Any CPU.ActiveCfg = Release|Any CPU
		{9EDD96E1-A88E-4219-BAF1-7B0DDE69DBCF}.Release|Any CPU.Build.0 = Release|Any CPU
	EndGlobalSection
	GlobalSection(SolutionProperties) = preSolution
		HideSolutionNode = FALSE
	EndGlobalSection
	GlobalSection(ExtensibilityGlobals) = postSolution
		SolutionGuid = {DAA20B2E-0A06-4114-A85D-5145912A267B}
	EndGlobalSection
EndGlobal
