
Microsoft Visual Studio Solution File, Format Version 12.00
# Visual Studio 15
VisualStudioVersion = 15.0.26730.16
MinimumVisualStudioVersion = 10.0.40219.1
Project("{FAE04EC0-301F-11D3-BF4B-00C04F79EFBC}") = "AdventOfCode2017", "AdventOfCode2017\AdventOfCode2017.csproj", "{BADADDC2-C047-447C-96A7-9784DCE92A16}"
EndProject
Project("{FAE04EC0-301F-11D3-BF4B-00C04F79EFBC}") = "Day1", "Day1\Day1.csproj", "{A560C050-02A3-4B7B-8E56-AC4D3792C9AC}"
EndProject
Project("{FAE04EC0-301F-11D3-BF4B-00C04F79EFBC}") = "Day2", "Day2\Day2.csproj", "{4B2C9D82-9D43-4255-BC82-2AF4DBB35347}"
EndProject
Project("{FAE04EC0-301F-11D3-BF4B-00C04F79EFBC}") = "Day3", "Day3\Day3.csproj", "{38572AB3-71B9-459B-BC6F-1E9B5DD72C6E}"
EndProject
Project("{FAE04EC0-301F-11D3-BF4B-00C04F79EFBC}") = "Day4", "Day4\Day4.csproj", "{1E5D951C-DFFA-4527-8D3D-DC1E6FDFCEBD}"
EndProject
Project("{FAE04EC0-301F-11D3-BF4B-00C04F79EFBC}") = "Day5", "Day5\Day5.csproj", "{6A4DB7C6-CA68-413F-B571-7C352FC568DF}"
EndProject
Project("{FAE04EC0-301F-11D3-BF4B-00C04F79EFBC}") = "Day6", "Day6\Day6.csproj", "{2523E254-CEF5-4ACC-897B-EAE46A8DC5B0}"
EndProject
Project("{FAE04EC0-301F-11D3-BF4B-00C04F79EFBC}") = "Day7", "Day7\Day7.csproj", "{9B773330-D2AD-4842-B4A6-8F33D9BF90FF}"
EndProject
Project("{FAE04EC0-301F-11D3-BF4B-00C04F79EFBC}") = "Day8", "Day8\Day8.csproj", "{3B7998D5-5DB1-40A0-8B96-EEEC65AAB265}"
EndProject
Project("{FAE04EC0-301F-11D3-BF4B-00C04F79EFBC}") = "Day9", "Day9\Day9.csproj", "{8D8C397B-A954-49CF-A728-605668D3B9BF}"
EndProject
Project("{FAE04EC0-301F-11D3-BF4B-00C04F79EFBC}") = "Day10", "Day10\Day10.csproj", "{82A21F78-0CEC-44F1-B457-375D807ABE66}"
EndProject
Global
	GlobalSection(SolutionConfigurationPlatforms) = preSolution
		Debug|Any CPU = Debug|Any CPU
		Release|Any CPU = Release|Any CPU
	EndGlobalSection
	GlobalSection(ProjectConfigurationPlatforms) = postSolution
		{BADADDC2-C047-447C-96A7-9784DCE92A16}.Debug|Any CPU.ActiveCfg = Debug|Any CPU
		{BADADDC2-C047-447C-96A7-9784DCE92A16}.Debug|Any CPU.Build.0 = Debug|Any CPU
		{BADADDC2-C047-447C-96A7-9784DCE92A16}.Release|Any CPU.ActiveCfg = Release|Any CPU
		{BADADDC2-C047-447C-96A7-9784DCE92A16}.Release|Any CPU.Build.0 = Release|Any CPU
		{A560C050-02A3-4B7B-8E56-AC4D3792C9AC}.Debug|Any CPU.ActiveCfg = Debug|Any CPU
		{A560C050-02A3-4B7B-8E56-AC4D3792C9AC}.Debug|Any CPU.Build.0 = Debug|Any CPU
		{A560C050-02A3-4B7B-8E56-AC4D3792C9AC}.Release|Any CPU.ActiveCfg = Release|Any CPU
		{A560C050-02A3-4B7B-8E56-AC4D3792C9AC}.Release|Any CPU.Build.0 = Release|Any CPU
		{4B2C9D82-9D43-4255-BC82-2AF4DBB35347}.Debug|Any CPU.ActiveCfg = Debug|Any CPU
		{4B2C9D82-9D43-4255-BC82-2AF4DBB35347}.Debug|Any CPU.Build.0 = Debug|Any CPU
		{4B2C9D82-9D43-4255-BC82-2AF4DBB35347}.Release|Any CPU.ActiveCfg = Release|Any CPU
		{4B2C9D82-9D43-4255-BC82-2AF4DBB35347}.Release|Any CPU.Build.0 = Release|Any CPU
		{38572AB3-71B9-459B-BC6F-1E9B5DD72C6E}.Debug|Any CPU.ActiveCfg = Debug|Any CPU
		{38572AB3-71B9-459B-BC6F-1E9B5DD72C6E}.Debug|Any CPU.Build.0 = Debug|Any CPU
		{38572AB3-71B9-459B-BC6F-1E9B5DD72C6E}.Release|Any CPU.ActiveCfg = Release|Any CPU
		{38572AB3-71B9-459B-BC6F-1E9B5DD72C6E}.Release|Any CPU.Build.0 = Release|Any CPU
		{1E5D951C-DFFA-4527-8D3D-DC1E6FDFCEBD}.Debug|Any CPU.ActiveCfg = Debug|Any CPU
		{1E5D951C-DFFA-4527-8D3D-DC1E6FDFCEBD}.Debug|Any CPU.Build.0 = Debug|Any CPU
		{1E5D951C-DFFA-4527-8D3D-DC1E6FDFCEBD}.Release|Any CPU.ActiveCfg = Release|Any CPU
		{1E5D951C-DFFA-4527-8D3D-DC1E6FDFCEBD}.Release|Any CPU.Build.0 = Release|Any CPU
		{6A4DB7C6-CA68-413F-B571-7C352FC568DF}.Debug|Any CPU.ActiveCfg = Debug|Any CPU
		{6A4DB7C6-CA68-413F-B571-7C352FC568DF}.Debug|Any CPU.Build.0 = Debug|Any CPU
		{6A4DB7C6-CA68-413F-B571-7C352FC568DF}.Release|Any CPU.ActiveCfg = Release|Any CPU
		{6A4DB7C6-CA68-413F-B571-7C352FC568DF}.Release|Any CPU.Build.0 = Release|Any CPU
		{2523E254-CEF5-4ACC-897B-EAE46A8DC5B0}.Debug|Any CPU.ActiveCfg = Debug|Any CPU
		{2523E254-CEF5-4ACC-897B-EAE46A8DC5B0}.Debug|Any CPU.Build.0 = Debug|Any CPU
		{2523E254-CEF5-4ACC-897B-EAE46A8DC5B0}.Release|Any CPU.ActiveCfg = Release|Any CPU
		{2523E254-CEF5-4ACC-897B-EAE46A8DC5B0}.Release|Any CPU.Build.0 = Release|Any CPU
		{9B773330-D2AD-4842-B4A6-8F33D9BF90FF}.Debug|Any CPU.ActiveCfg = Debug|Any CPU
		{9B773330-D2AD-4842-B4A6-8F33D9BF90FF}.Debug|Any CPU.Build.0 = Debug|Any CPU
		{9B773330-D2AD-4842-B4A6-8F33D9BF90FF}.Release|Any CPU.ActiveCfg = Release|Any CPU
		{9B773330-D2AD-4842-B4A6-8F33D9BF90FF}.Release|Any CPU.Build.0 = Release|Any CPU
		{3B7998D5-5DB1-40A0-8B96-EEEC65AAB265}.Debug|Any CPU.ActiveCfg = Debug|Any CPU
		{3B7998D5-5DB1-40A0-8B96-EEEC65AAB265}.Debug|Any CPU.Build.0 = Debug|Any CPU
		{3B7998D5-5DB1-40A0-8B96-EEEC65AAB265}.Release|Any CPU.ActiveCfg = Release|Any CPU
		{3B7998D5-5DB1-40A0-8B96-EEEC65AAB265}.Release|Any CPU.Build.0 = Release|Any CPU
		{8D8C397B-A954-49CF-A728-605668D3B9BF}.Debug|Any CPU.ActiveCfg = Debug|Any CPU
		{8D8C397B-A954-49CF-A728-605668D3B9BF}.Debug|Any CPU.Build.0 = Debug|Any CPU
		{8D8C397B-A954-49CF-A728-605668D3B9BF}.Release|Any CPU.ActiveCfg = Release|Any CPU
		{8D8C397B-A954-49CF-A728-605668D3B9BF}.Release|Any CPU.Build.0 = Release|Any CPU
		{82A21F78-0CEC-44F1-B457-375D807ABE66}.Debug|Any CPU.ActiveCfg = Debug|Any CPU
		{82A21F78-0CEC-44F1-B457-375D807ABE66}.Debug|Any CPU.Build.0 = Debug|Any CPU
		{82A21F78-0CEC-44F1-B457-375D807ABE66}.Release|Any CPU.ActiveCfg = Release|Any CPU
		{82A21F78-0CEC-44F1-B457-375D807ABE66}.Release|Any CPU.Build.0 = Release|Any CPU
	EndGlobalSection
	GlobalSection(SolutionProperties) = preSolution
		HideSolutionNode = FALSE
	EndGlobalSection
	GlobalSection(ExtensibilityGlobals) = postSolution
		SolutionGuid = {0DD451C7-6648-463B-B8AE-EFED45FD8E3B}
	EndGlobalSection
EndGlobal
